
Microsoft Visual Studio Solution File, Format Version 12.00
# Visual Studio Version 17
VisualStudioVersion = 17.7.34031.279
MinimumVisualStudioVersion = 10.0.40219.1
Project("{FAE04EC0-301F-11D3-BF4B-00C04F79EFBC}") = "StrategyPatternExample", "StrategyPatternExample\StrategyPatternExample.csproj", "{2D34AF4E-865B-41EB-A257-11AB11F47467}"
EndProject
Global
	GlobalSection(SolutionConfigurationPlatforms) = preSolution
		Debug|Any CPU = Debug|Any CPU
		Release|Any CPU = Release|Any CPU
	EndGlobalSection
	GlobalSection(ProjectConfigurationPlatforms) = postSolution
		{2D34AF4E-865B-41EB-A257-11AB11F47467}.Debug|Any CPU.ActiveCfg = Debug|Any CPU
		{2D34AF4E-865B-41EB-A257-11AB11F47467}.Debug|Any CPU.Build.0 = Debug|Any CPU
		{2D34AF4E-865B-41EB-A257-11AB11F47467}.Release|Any CPU.ActiveCfg = Release|Any CPU
		{2D34AF4E-865B-41EB-A257-11AB11F47467}.Release|Any CPU.Build.0 = Release|Any CPU
	EndGlobalSection
	GlobalSection(SolutionProperties) = preSolution
		HideSolutionNode = FALSE
	EndGlobalSection
	GlobalSection(ExtensibilityGlobals) = postSolution
		SolutionGuid = {D5F64F3A-53E1-4958-981B-00FF71FF6275}
	EndGlobalSection
EndGlobal
